
Microsoft Visual Studio Solution File, Format Version 12.00
# Visual Studio Version 17
VisualStudioVersion = 17.2.32630.192
MinimumVisualStudioVersion = 10.0.40219.1
Project("{2150E333-8FDC-42A3-9474-1A3956D46DE8}") = "FrontEnd", "FrontEnd", "{F98F8061-F9A6-4C48-AA94-FF95176FD4D9}"
EndProject
Project("{9A19103F-16F7-4668-BE54-9A1E7A4F7556}") = "Artisanal.Web", "Artisanal.Web\Artisanal.Web.csproj", "{8C9D360D-8D01-47C0-AB4A-1DBE5BE9D086}"
EndProject
Project("{2150E333-8FDC-42A3-9474-1A3956D46DE8}") = "Services", "Services", "{FCB4B8A8-60E3-41F9-AEA1-1905568B7BE8}"
EndProject
Project("{9A19103F-16F7-4668-BE54-9A1E7A4F7556}") = "Artisanal.Services.ProductAPI", "Artisanal.Services.ProductAPI\Artisanal.Services.ProductAPI.csproj", "{FF2D8835-42A2-47EF-8DCF-4BA21FAD5AB2}"
EndProject
Project("{FAE04EC0-301F-11D3-BF4B-00C04F79EFBC}") = "Artisanal.Services.Identity", "Artisanal.Services.Identity\Artisanal.Services.Identity.csproj", "{E607F0C9-5A6E-4F2D-AD32-FC39711090E2}"
EndProject
Global
	GlobalSection(SolutionConfigurationPlatforms) = preSolution
		Debug|Any CPU = Debug|Any CPU
		Release|Any CPU = Release|Any CPU
	EndGlobalSection
	GlobalSection(ProjectConfigurationPlatforms) = postSolution
		{8C9D360D-8D01-47C0-AB4A-1DBE5BE9D086}.Debug|Any CPU.ActiveCfg = Debug|Any CPU
		{8C9D360D-8D01-47C0-AB4A-1DBE5BE9D086}.Debug|Any CPU.Build.0 = Debug|Any CPU
		{8C9D360D-8D01-47C0-AB4A-1DBE5BE9D086}.Release|Any CPU.ActiveCfg = Release|Any CPU
		{8C9D360D-8D01-47C0-AB4A-1DBE5BE9D086}.Release|Any CPU.Build.0 = Release|Any CPU
		{FF2D8835-42A2-47EF-8DCF-4BA21FAD5AB2}.Debug|Any CPU.ActiveCfg = Debug|Any CPU
		{FF2D8835-42A2-47EF-8DCF-4BA21FAD5AB2}.Debug|Any CPU.Build.0 = Debug|Any CPU
		{FF2D8835-42A2-47EF-8DCF-4BA21FAD5AB2}.Release|Any CPU.ActiveCfg = Release|Any CPU
		{FF2D8835-42A2-47EF-8DCF-4BA21FAD5AB2}.Release|Any CPU.Build.0 = Release|Any CPU
		{E607F0C9-5A6E-4F2D-AD32-FC39711090E2}.Debug|Any CPU.ActiveCfg = Debug|Any CPU
		{E607F0C9-5A6E-4F2D-AD32-FC39711090E2}.Debug|Any CPU.Build.0 = Debug|Any CPU
		{E607F0C9-5A6E-4F2D-AD32-FC39711090E2}.Release|Any CPU.ActiveCfg = Release|Any CPU
		{E607F0C9-5A6E-4F2D-AD32-FC39711090E2}.Release|Any CPU.Build.0 = Release|Any CPU
	EndGlobalSection
	GlobalSection(SolutionProperties) = preSolution
		HideSolutionNode = FALSE
	EndGlobalSection
	GlobalSection(NestedProjects) = preSolution
		{8C9D360D-8D01-47C0-AB4A-1DBE5BE9D086} = {F98F8061-F9A6-4C48-AA94-FF95176FD4D9}
		{FF2D8835-42A2-47EF-8DCF-4BA21FAD5AB2} = {FCB4B8A8-60E3-41F9-AEA1-1905568B7BE8}
		{E607F0C9-5A6E-4F2D-AD32-FC39711090E2} = {FCB4B8A8-60E3-41F9-AEA1-1905568B7BE8}
	EndGlobalSection
	GlobalSection(ExtensibilityGlobals) = postSolution
		SolutionGuid = {B27384D8-ADCA-41EF-BFBC-0470B4BE58F7}
	EndGlobalSection
EndGlobal
